// !$*UTF8*$!
{
	archiveVersion = 1;
	classes = {
	};
	objectVersion = 56;
	objects = {

/* Begin PBXBuildFile section */
		C303A68C2D5ECFAF008D8DD1 /* mobile2SwiftUIApp.swift in Sources */ = {isa = PBXBuildFile; fileRef = C303A68B2D5ECFAF008D8DD1 /* mobile2SwiftUIApp.swift */; };
		C303A68E2D5ECFAF008D8DD1 /* ContentView.swift in Sources */ = {isa = PBXBuildFile; fileRef = C303A68D2D5ECFAF008D8DD1 /* ContentView.swift */; };
		C303A6902D5ECFB2008D8DD1 /* Assets.xcassets in Resources */ = {isa = PBXBuildFile; fileRef = C303A68F2D5ECFB2008D8DD1 /* Assets.xcassets */; };
		C303A6932D5ECFB2008D8DD1 /* Preview Assets.xcassets in Resources */ = {isa = PBXBuildFile; fileRef = C303A6922D5ECFB2008D8DD1 /* Preview Assets.xcassets */; };
		C303A69D2D5ECFB2008D8DD1 /* mobile2SwiftUITests.swift in Sources */ = {isa = PBXBuildFile; fileRef = C303A69C2D5ECFB2008D8DD1 /* mobile2SwiftUITests.swift */; };
		C303A6A72D5ECFB2008D8DD1 /* mobile2SwiftUIUITests.swift in Sources */ = {isa = PBXBuildFile; fileRef = C303A6A62D5ECFB2008D8DD1 /* mobile2SwiftUIUITests.swift */; };
		C303A6A92D5ECFB2008D8DD1 /* mobile2SwiftUIUITestsLaunchTests.swift in Sources */ = {isa = PBXBuildFile; fileRef = C303A6A82D5ECFB2008D8DD1 /* mobile2SwiftUIUITestsLaunchTests.swift */; };
		C33B565B2D7689A700921CDE /* SwiftUIView.swift in Sources */ = {isa = PBXBuildFile; fileRef = C33B565A2D7689A700921CDE /* SwiftUIView.swift */; };
		C34CD5AF2D8BA2A300D1B357 /* ItemModel.swift in Sources */ = {isa = PBXBuildFile; fileRef = C34CD5AE2D8BA2A300D1B357 /* ItemModel.swift */; };
		C34CD5B12D8BA37200D1B357 /* ItemViewModel.swift in Sources */ = {isa = PBXBuildFile; fileRef = C34CD5B02D8BA37200D1B357 /* ItemViewModel.swift */; };
		C34CD5B32D8BA59300D1B357 /* ListExampleView.swift in Sources */ = {isa = PBXBuildFile; fileRef = C34CD5B22D8BA59300D1B357 /* ListExampleView.swift */; };
		C34CD5B52D8BA5C100D1B357 /* DetailListExampleView.swift in Sources */ = {isa = PBXBuildFile; fileRef = C34CD5B42D8BA5C100D1B357 /* DetailListExampleView.swift */; };
		C34CD5B82D8CF41C00D1B357 /* Lottie in Frameworks */ = {isa = PBXBuildFile; productRef = C34CD5B72D8CF41C00D1B357 /* Lottie */; };
		C34CD5BC2D8CF49E00D1B357 /* LottieAnimationView.swift in Sources */ = {isa = PBXBuildFile; fileRef = C34CD5BB2D8CF49E00D1B357 /* LottieAnimationView.swift */; };
		C34CD5BF2D8CF8A800D1B357 /* animation.json in Resources */ = {isa = PBXBuildFile; fileRef = C34CD5BE2D8CF8A800D1B357 /* animation.json */; };
		C35484C12DC05EC700C2F2D4 /* ClubsModel.swift in Sources */ = {isa = PBXBuildFile; fileRef = C35484C02DC05EC700C2F2D4 /* ClubsModel.swift */; };
		C35484C32DC05FBE00C2F2D4 /* ClubsViewModel.swift in Sources */ = {isa = PBXBuildFile; fileRef = C35484C22DC05FBE00C2F2D4 /* ClubsViewModel.swift */; };
		C35484C52DC063EE00C2F2D4 /* ClubsView.swift in Sources */ = {isa = PBXBuildFile; fileRef = C35484C42DC063EE00C2F2D4 /* ClubsView.swift */; };
		C3957F282D6417FA00DFDCD3 /* SumView.swift in Sources */ = {isa = PBXBuildFile; fileRef = C3957F272D6417F900DFDCD3 /* SumView.swift */; };
		C3957F2A2D6418D200DFDCD3 /* SumViewModel.swift in Sources */ = {isa = PBXBuildFile; fileRef = C3957F292D6418D200DFDCD3 /* SumViewModel.swift */; };
		C3957F2E2D64196300DFDCD3 /* UIAlertControllerWrapper.swift in Sources */ = {isa = PBXBuildFile; fileRef = C3957F2D2D64196300DFDCD3 /* UIAlertControllerWrapper.swift */; };
		C3957F302D641C5E00DFDCD3 /* TemperatureView.swift in Sources */ = {isa = PBXBuildFile; fileRef = C3957F2F2D641C5E00DFDCD3 /* TemperatureView.swift */; };
		C39F23D32D9221D00017F0AF /* ProfileView.swift in Sources */ = {isa = PBXBuildFile; fileRef = C39F23D22D9221D00017F0AF /* ProfileView.swift */; };
		C39F23D62D92253C0017F0AF /* ProfileViewModel.swift in Sources */ = {isa = PBXBuildFile; fileRef = C39F23D52D92253C0017F0AF /* ProfileViewModel.swift */; };
		C39F23D82D94DEC90017F0AF /* WaterTrackerView.swift in Sources */ = {isa = PBXBuildFile; fileRef = C39F23D72D94DEC90017F0AF /* WaterTrackerView.swift */; };
		C39F23DA2D96321D0017F0AF /* WaterTrackerViewModel.swift in Sources */ = {isa = PBXBuildFile; fileRef = C39F23D92D96321D0017F0AF /* WaterTrackerViewModel.swift */; };
		C39F23DC2D96354F0017F0AF /* WaterTrackerMainView.swift in Sources */ = {isa = PBXBuildFile; fileRef = C39F23DB2D96354F0017F0AF /* WaterTrackerMainView.swift */; };
		C39F23E72D9CC77C0017F0AF /* ShakeViewModel.swift in Sources */ = {isa = PBXBuildFile; fileRef = C39F23E62D9CC77C0017F0AF /* ShakeViewModel.swift */; };
		C39F23E92D9CC78A0017F0AF /* ShakeView.swift in Sources */ = {isa = PBXBuildFile; fileRef = C39F23E82D9CC78A0017F0AF /* ShakeView.swift */; };
		C39F23ED2D9F696D0017F0AF /* AuthenticationViewModel.swift in Sources */ = {isa = PBXBuildFile; fileRef = C39F23EC2D9F696D0017F0AF /* AuthenticationViewModel.swift */; };
		C3AE3CF22DEE678C00260BEC /* SpeechApp.swift in Sources */ = {isa = PBXBuildFile; fileRef = C3AE3CF12DEE678C00260BEC /* SpeechApp.swift */; };
		C3B646DD2DCC3C35004C0DB0 /* WebView.swift in Sources */ = {isa = PBXBuildFile; fileRef = C3B646DC2DCC3C35004C0DB0 /* WebView.swift */; };
		C3E89C7E2D6569930042D0D9 /* TemperatureViewModel.swift in Sources */ = {isa = PBXBuildFile; fileRef = C3E89C7D2D6569920042D0D9 /* TemperatureViewModel.swift */; };
/* End PBXBuildFile section */

/* Begin PBXContainerItemProxy section */
		C303A6992D5ECFB2008D8DD1 /* PBXContainerItemProxy */ = {
			isa = PBXContainerItemProxy;
			containerPortal = C303A6802D5ECFAF008D8DD1 /* Project object */;
			proxyType = 1;
			remoteGlobalIDString = C303A6872D5ECFAF008D8DD1;
			remoteInfo = mobile2SwiftUI;
		};
		C303A6A32D5ECFB2008D8DD1 /* PBXContainerItemProxy */ = {
			isa = PBXContainerItemProxy;
			containerPortal = C303A6802D5ECFAF008D8DD1 /* Project object */;
			proxyType = 1;
			remoteGlobalIDString = C303A6872D5ECFAF008D8DD1;
			remoteInfo = mobile2SwiftUI;
		};
/* End PBXContainerItemProxy section */

/* Begin PBXFileReference section */
		C303A6882D5ECFAF008D8DD1 /* mobile2SwiftUI.app */ = {isa = PBXFileReference; explicitFileType = wrapper.application; includeInIndex = 0; path = mobile2SwiftUI.app; sourceTree = BUILT_PRODUCTS_DIR; };
		C303A68B2D5ECFAF008D8DD1 /* mobile2SwiftUIApp.swift */ = {isa = PBXFileReference; lastKnownFileType = sourcecode.swift; path = mobile2SwiftUIApp.swift; sourceTree = "<group>"; };
		C303A68D2D5ECFAF008D8DD1 /* ContentView.swift */ = {isa = PBXFileReference; lastKnownFileType = sourcecode.swift; path = ContentView.swift; sourceTree = "<group>"; };
		C303A68F2D5ECFB2008D8DD1 /* Assets.xcassets */ = {isa = PBXFileReference; lastKnownFileType = folder.assetcatalog; path = Assets.xcassets; sourceTree = "<group>"; };
		C303A6922D5ECFB2008D8DD1 /* Preview Assets.xcassets */ = {isa = PBXFileReference; lastKnownFileType = folder.assetcatalog; path = "Preview Assets.xcassets"; sourceTree = "<group>"; };
		C303A6982D5ECFB2008D8DD1 /* mobile2SwiftUITests.xctest */ = {isa = PBXFileReference; explicitFileType = wrapper.cfbundle; includeInIndex = 0; path = mobile2SwiftUITests.xctest; sourceTree = BUILT_PRODUCTS_DIR; };
		C303A69C2D5ECFB2008D8DD1 /* mobile2SwiftUITests.swift */ = {isa = PBXFileReference; lastKnownFileType = sourcecode.swift; path = mobile2SwiftUITests.swift; sourceTree = "<group>"; };
		C303A6A22D5ECFB2008D8DD1 /* mobile2SwiftUIUITests.xctest */ = {isa = PBXFileReference; explicitFileType = wrapper.cfbundle; includeInIndex = 0; path = mobile2SwiftUIUITests.xctest; sourceTree = BUILT_PRODUCTS_DIR; };
		C303A6A62D5ECFB2008D8DD1 /* mobile2SwiftUIUITests.swift */ = {isa = PBXFileReference; lastKnownFileType = sourcecode.swift; path = mobile2SwiftUIUITests.swift; sourceTree = "<group>"; };
		C303A6A82D5ECFB2008D8DD1 /* mobile2SwiftUIUITestsLaunchTests.swift */ = {isa = PBXFileReference; lastKnownFileType = sourcecode.swift; path = mobile2SwiftUIUITestsLaunchTests.swift; sourceTree = "<group>"; };
		C33B565A2D7689A700921CDE /* SwiftUIView.swift */ = {isa = PBXFileReference; lastKnownFileType = sourcecode.swift; path = SwiftUIView.swift; sourceTree = "<group>"; };
		C34CD5AE2D8BA2A300D1B357 /* ItemModel.swift */ = {isa = PBXFileReference; lastKnownFileType = sourcecode.swift; path = ItemModel.swift; sourceTree = "<group>"; };
		C34CD5B02D8BA37200D1B357 /* ItemViewModel.swift */ = {isa = PBXFileReference; lastKnownFileType = sourcecode.swift; path = ItemViewModel.swift; sourceTree = "<group>"; };
		C34CD5B22D8BA59300D1B357 /* ListExampleView.swift */ = {isa = PBXFileReference; lastKnownFileType = sourcecode.swift; path = ListExampleView.swift; sourceTree = "<group>"; };
		C34CD5B42D8BA5C100D1B357 /* DetailListExampleView.swift */ = {isa = PBXFileReference; lastKnownFileType = sourcecode.swift; path = DetailListExampleView.swift; sourceTree = "<group>"; };
		C34CD5BB2D8CF49E00D1B357 /* LottieAnimationView.swift */ = {isa = PBXFileReference; lastKnownFileType = sourcecode.swift; path = LottieAnimationView.swift; sourceTree = "<group>"; };
		C34CD5BE2D8CF8A800D1B357 /* animation.json */ = {isa = PBXFileReference; fileEncoding = 4; lastKnownFileType = text.json; path = animation.json; sourceTree = "<group>"; };
		C35484C02DC05EC700C2F2D4 /* ClubsModel.swift */ = {isa = PBXFileReference; lastKnownFileType = sourcecode.swift; path = ClubsModel.swift; sourceTree = "<group>"; };
		C35484C22DC05FBE00C2F2D4 /* ClubsViewModel.swift */ = {isa = PBXFileReference; lastKnownFileType = sourcecode.swift; path = ClubsViewModel.swift; sourceTree = "<group>"; };
		C35484C42DC063EE00C2F2D4 /* ClubsView.swift */ = {isa = PBXFileReference; lastKnownFileType = sourcecode.swift; path = ClubsView.swift; sourceTree = "<group>"; };
		C3957F272D6417F900DFDCD3 /* SumView.swift */ = {isa = PBXFileReference; lastKnownFileType = sourcecode.swift; path = SumView.swift; sourceTree = "<group>"; };
		C3957F292D6418D200DFDCD3 /* SumViewModel.swift */ = {isa = PBXFileReference; lastKnownFileType = sourcecode.swift; path = SumViewModel.swift; sourceTree = "<group>"; };
		C3957F2D2D64196300DFDCD3 /* UIAlertControllerWrapper.swift */ = {isa = PBXFileReference; lastKnownFileType = sourcecode.swift; path = UIAlertControllerWrapper.swift; sourceTree = "<group>"; };
		C3957F2F2D641C5E00DFDCD3 /* TemperatureView.swift */ = {isa = PBXFileReference; lastKnownFileType = sourcecode.swift; path = TemperatureView.swift; sourceTree = "<group>"; };
		C39F23D22D9221D00017F0AF /* ProfileView.swift */ = {isa = PBXFileReference; lastKnownFileType = sourcecode.swift; path = ProfileView.swift; sourceTree = "<group>"; };
		C39F23D52D92253C0017F0AF /* ProfileViewModel.swift */ = {isa = PBXFileReference; lastKnownFileType = sourcecode.swift; path = ProfileViewModel.swift; sourceTree = "<group>"; };
		C39F23D72D94DEC90017F0AF /* WaterTrackerView.swift */ = {isa = PBXFileReference; lastKnownFileType = sourcecode.swift; path = WaterTrackerView.swift; sourceTree = "<group>"; };
		C39F23D92D96321D0017F0AF /* WaterTrackerViewModel.swift */ = {isa = PBXFileReference; lastKnownFileType = sourcecode.swift; path = WaterTrackerViewModel.swift; sourceTree = "<group>"; };
		C39F23DB2D96354F0017F0AF /* WaterTrackerMainView.swift */ = {isa = PBXFileReference; lastKnownFileType = sourcecode.swift; path = WaterTrackerMainView.swift; sourceTree = "<group>"; };
		C39F23E62D9CC77C0017F0AF /* ShakeViewModel.swift */ = {isa = PBXFileReference; lastKnownFileType = sourcecode.swift; path = ShakeViewModel.swift; sourceTree = "<group>"; };
		C39F23E82D9CC78A0017F0AF /* ShakeView.swift */ = {isa = PBXFileReference; lastKnownFileType = sourcecode.swift; path = ShakeView.swift; sourceTree = "<group>"; };
		C39F23EC2D9F696D0017F0AF /* AuthenticationViewModel.swift */ = {isa = PBXFileReference; lastKnownFileType = sourcecode.swift; path = AuthenticationViewModel.swift; sourceTree = "<group>"; };
		C3AE3CF12DEE678C00260BEC /* SpeechApp.swift */ = {isa = PBXFileReference; lastKnownFileType = sourcecode.swift; path = SpeechApp.swift; sourceTree = "<group>"; };
		C3B646DC2DCC3C35004C0DB0 /* WebView.swift */ = {isa = PBXFileReference; lastKnownFileType = sourcecode.swift; path = WebView.swift; sourceTree = "<group>"; };
		C3E89C7D2D6569920042D0D9 /* TemperatureViewModel.swift */ = {isa = PBXFileReference; lastKnownFileType = sourcecode.swift; path = TemperatureViewModel.swift; sourceTree = "<group>"; };
/* End PBXFileReference section */

/* Begin PBXFrameworksBuildPhase section */
		C303A6852D5ECFAF008D8DD1 /* Frameworks */ = {
			isa = PBXFrameworksBuildPhase;
			buildActionMask = 2147483647;
			files = (
				C34CD5B82D8CF41C00D1B357 /* Lottie in Frameworks */,
			);
			runOnlyForDeploymentPostprocessing = 0;
		};
		C303A6952D5ECFB2008D8DD1 /* Frameworks */ = {
			isa = PBXFrameworksBuildPhase;
			buildActionMask = 2147483647;
			files = (
			);
			runOnlyForDeploymentPostprocessing = 0;
		};
		C303A69F2D5ECFB2008D8DD1 /* Frameworks */ = {
			isa = PBXFrameworksBuildPhase;
			buildActionMask = 2147483647;
			files = (
			);
			runOnlyForDeploymentPostprocessing = 0;
		};
/* End PBXFrameworksBuildPhase section */

/* Begin PBXGroup section */
		C303A67F2D5ECFAF008D8DD1 = {
			isa = PBXGroup;
			children = (
				C34CD5BD2D8CF7D400D1B357 /* Resources */,
				C303A68A2D5ECFAF008D8DD1 /* mobile2SwiftUI */,
				C303A69B2D5ECFB2008D8DD1 /* mobile2SwiftUITests */,
				C303A6A52D5ECFB2008D8DD1 /* mobile2SwiftUIUITests */,
				C303A6892D5ECFAF008D8DD1 /* Products */,
			);
			sourceTree = "<group>";
		};
		C303A6892D5ECFAF008D8DD1 /* Products */ = {
			isa = PBXGroup;
			children = (
				C303A6882D5ECFAF008D8DD1 /* mobile2SwiftUI.app */,
				C303A6982D5ECFB2008D8DD1 /* mobile2SwiftUITests.xctest */,
				C303A6A22D5ECFB2008D8DD1 /* mobile2SwiftUIUITests.xctest */,
			);
			name = Products;
			sourceTree = "<group>";
		};
		C303A68A2D5ECFAF008D8DD1 /* mobile2SwiftUI */ = {
			isa = PBXGroup;
			children = (
				C3AE3CF02DEE671000260BEC /* FinalExam */,
				C35484BE2DC05EA700C2F2D4 /* ThirdPartial */,
				C34CD5A92D8BA23F00D1B357 /* SecondPartial */,
				C303A68B2D5ECFAF008D8DD1 /* mobile2SwiftUIApp.swift */,
				C303A68D2D5ECFAF008D8DD1 /* ContentView.swift */,
				C3957F272D6417F900DFDCD3 /* SumView.swift */,
				C303A68F2D5ECFB2008D8DD1 /* Assets.xcassets */,
				C303A6912D5ECFB2008D8DD1 /* Preview Content */,
				C3957F292D6418D200DFDCD3 /* SumViewModel.swift */,
				C3957F2D2D64196300DFDCD3 /* UIAlertControllerWrapper.swift */,
				C3957F2F2D641C5E00DFDCD3 /* TemperatureView.swift */,
				C3E89C7D2D6569920042D0D9 /* TemperatureViewModel.swift */,
				C33B565A2D7689A700921CDE /* SwiftUIView.swift */,
			);
			path = mobile2SwiftUI;
			sourceTree = "<group>";
		};
		C303A6912D5ECFB2008D8DD1 /* Preview Content */ = {
			isa = PBXGroup;
			children = (
				C303A6922D5ECFB2008D8DD1 /* Preview Assets.xcassets */,
			);
			path = "Preview Content";
			sourceTree = "<group>";
		};
		C303A69B2D5ECFB2008D8DD1 /* mobile2SwiftUITests */ = {
			isa = PBXGroup;
			children = (
				C303A69C2D5ECFB2008D8DD1 /* mobile2SwiftUITests.swift */,
			);
			path = mobile2SwiftUITests;
			sourceTree = "<group>";
		};
		C303A6A52D5ECFB2008D8DD1 /* mobile2SwiftUIUITests */ = {
			isa = PBXGroup;
			children = (
				C303A6A62D5ECFB2008D8DD1 /* mobile2SwiftUIUITests.swift */,
				C303A6A82D5ECFB2008D8DD1 /* mobile2SwiftUIUITestsLaunchTests.swift */,
			);
			path = mobile2SwiftUIUITests;
			sourceTree = "<group>";
		};
		C34CD5A92D8BA23F00D1B357 /* SecondPartial */ = {
			isa = PBXGroup;
			children = (
				C39F23E02D9CC6800017F0AF /* Shake */,
				C39F23CE2D9220F00017F0AF /* WaterTracker */,
				C34CD5B92D8CF47500D1B357 /* Animations */,
				C34CD5AA2D8BA25400D1B357 /* DataStructures */,
			);
			path = SecondPartial;
			sourceTree = "<group>";
		};
		C34CD5AA2D8BA25400D1B357 /* DataStructures */ = {
			isa = PBXGroup;
			children = (
				C34CD5AD2D8BA27B00D1B357 /* ViewModel */,
				C34CD5AC2D8BA27000D1B357 /* View */,
				C34CD5AB2D8BA26200D1B357 /* Model */,
			);
			path = DataStructures;
			sourceTree = "<group>";
		};
		C34CD5AB2D8BA26200D1B357 /* Model */ = {
			isa = PBXGroup;
			children = (
				C34CD5AE2D8BA2A300D1B357 /* ItemModel.swift */,
			);
			path = Model;
			sourceTree = "<group>";
		};
		C34CD5AC2D8BA27000D1B357 /* View */ = {
			isa = PBXGroup;
			children = (
				C34CD5B22D8BA59300D1B357 /* ListExampleView.swift */,
				C34CD5B42D8BA5C100D1B357 /* DetailListExampleView.swift */,
			);
			path = View;
			sourceTree = "<group>";
		};
		C34CD5AD2D8BA27B00D1B357 /* ViewModel */ = {
			isa = PBXGroup;
			children = (
				C34CD5B02D8BA37200D1B357 /* ItemViewModel.swift */,
			);
			path = ViewModel;
			sourceTree = "<group>";
		};
		C34CD5B92D8CF47500D1B357 /* Animations */ = {
			isa = PBXGroup;
			children = (
				C34CD5BA2D8CF48300D1B357 /* Views */,
			);
			path = Animations;
			sourceTree = "<group>";
		};
		C34CD5BA2D8CF48300D1B357 /* Views */ = {
			isa = PBXGroup;
			children = (
				C34CD5BB2D8CF49E00D1B357 /* LottieAnimationView.swift */,
			);
			path = Views;
			sourceTree = "<group>";
		};
		C34CD5BD2D8CF7D400D1B357 /* Resources */ = {
			isa = PBXGroup;
			children = (
				C34CD5BE2D8CF8A800D1B357 /* animation.json */,
			);
			path = Resources;
			sourceTree = "<group>";
		};
		C35484BE2DC05EA700C2F2D4 /* ThirdPartial */ = {
			isa = PBXGroup;
			children = (
				C3B646DB2DCC3C1C004C0DB0 /* Web */,
				C35484BF2DC05EB000C2F2D4 /* Clubs */,
			);
			path = ThirdPartial;
			sourceTree = "<group>";
		};
		C35484BF2DC05EB000C2F2D4 /* Clubs */ = {
			isa = PBXGroup;
			children = (
				C35484C02DC05EC700C2F2D4 /* ClubsModel.swift */,
				C35484C22DC05FBE00C2F2D4 /* ClubsViewModel.swift */,
				C35484C42DC063EE00C2F2D4 /* ClubsView.swift */,
			);
			path = Clubs;
			sourceTree = "<group>";
		};
		C39F23CE2D9220F00017F0AF /* WaterTracker */ = {
			isa = PBXGroup;
			children = (
				C39F23D42D9225250017F0AF /* ViewModel */,
				C39F23D12D9221720017F0AF /* Views */,
			);
			path = WaterTracker;
			sourceTree = "<group>";
		};
		C39F23D12D9221720017F0AF /* Views */ = {
			isa = PBXGroup;
			children = (
				C39F23D22D9221D00017F0AF /* ProfileView.swift */,
				C39F23D72D94DEC90017F0AF /* WaterTrackerView.swift */,
				C39F23DB2D96354F0017F0AF /* WaterTrackerMainView.swift */,
			);
			path = Views;
			sourceTree = "<group>";
		};
		C39F23D42D9225250017F0AF /* ViewModel */ = {
			isa = PBXGroup;
			children = (
				C39F23D52D92253C0017F0AF /* ProfileViewModel.swift */,
				C39F23D92D96321D0017F0AF /* WaterTrackerViewModel.swift */,
				C39F23EC2D9F696D0017F0AF /* AuthenticationViewModel.swift */,
			);
			path = ViewModel;
			sourceTree = "<group>";
		};
		C39F23E02D9CC6800017F0AF /* Shake */ = {
			isa = PBXGroup;
			children = (
				C39F23E42D9CC74B0017F0AF /* Views */,
				C39F23E32D9CC72F0017F0AF /* ViewModel */,
			);
			path = Shake;
			sourceTree = "<group>";
		};
		C39F23E32D9CC72F0017F0AF /* ViewModel */ = {
			isa = PBXGroup;
			children = (
				C39F23E62D9CC77C0017F0AF /* ShakeViewModel.swift */,
			);
			path = ViewModel;
			sourceTree = "<group>";
		};
		C39F23E42D9CC74B0017F0AF /* Views */ = {
			isa = PBXGroup;
			children = (
				C39F23E82D9CC78A0017F0AF /* ShakeView.swift */,
			);
			path = Views;
			sourceTree = "<group>";
		};
		C3AE3CF02DEE671000260BEC /* FinalExam */ = {
			isa = PBXGroup;
			children = (
				C3AE3CF12DEE678C00260BEC /* SpeechApp.swift */,
			);
			path = FinalExam;
			sourceTree = "<group>";
		};
		C3B646DB2DCC3C1C004C0DB0 /* Web */ = {
			isa = PBXGroup;
			children = (
				C3B646DC2DCC3C35004C0DB0 /* WebView.swift */,
			);
			path = Web;
			sourceTree = "<group>";
		};
/* End PBXGroup section */

/* Begin PBXNativeTarget section */
		C303A6872D5ECFAF008D8DD1 /* mobile2SwiftUI */ = {
			isa = PBXNativeTarget;
			buildConfigurationList = C303A6AC2D5ECFB2008D8DD1 /* Build configuration list for PBXNativeTarget "mobile2SwiftUI" */;
			buildPhases = (
				C303A6842D5ECFAF008D8DD1 /* Sources */,
				C303A6852D5ECFAF008D8DD1 /* Frameworks */,
				C303A6862D5ECFAF008D8DD1 /* Resources */,
			);
			buildRules = (
			);
			dependencies = (
			);
			name = mobile2SwiftUI;
			packageProductDependencies = (
				C34CD5B72D8CF41C00D1B357 /* Lottie */,
			);
			productName = mobile2SwiftUI;
			productReference = C303A6882D5ECFAF008D8DD1 /* mobile2SwiftUI.app */;
			productType = "com.apple.product-type.application";
		};
		C303A6972D5ECFB2008D8DD1 /* mobile2SwiftUITests */ = {
			isa = PBXNativeTarget;
			buildConfigurationList = C303A6AF2D5ECFB2008D8DD1 /* Build configuration list for PBXNativeTarget "mobile2SwiftUITests" */;
			buildPhases = (
				C303A6942D5ECFB2008D8DD1 /* Sources */,
				C303A6952D5ECFB2008D8DD1 /* Frameworks */,
				C303A6962D5ECFB2008D8DD1 /* Resources */,
			);
			buildRules = (
			);
			dependencies = (
				C303A69A2D5ECFB2008D8DD1 /* PBXTargetDependency */,
			);
			name = mobile2SwiftUITests;
			productName = mobile2SwiftUITests;
			productReference = C303A6982D5ECFB2008D8DD1 /* mobile2SwiftUITests.xctest */;
			productType = "com.apple.product-type.bundle.unit-test";
		};
		C303A6A12D5ECFB2008D8DD1 /* mobile2SwiftUIUITests */ = {
			isa = PBXNativeTarget;
			buildConfigurationList = C303A6B22D5ECFB2008D8DD1 /* Build configuration list for PBXNativeTarget "mobile2SwiftUIUITests" */;
			buildPhases = (
				C303A69E2D5ECFB2008D8DD1 /* Sources */,
				C303A69F2D5ECFB2008D8DD1 /* Frameworks */,
				C303A6A02D5ECFB2008D8DD1 /* Resources */,
			);
			buildRules = (
			);
			dependencies = (
				C303A6A42D5ECFB2008D8DD1 /* PBXTargetDependency */,
			);
			name = mobile2SwiftUIUITests;
			productName = mobile2SwiftUIUITests;
			productReference = C303A6A22D5ECFB2008D8DD1 /* mobile2SwiftUIUITests.xctest */;
			productType = "com.apple.product-type.bundle.ui-testing";
		};
/* End PBXNativeTarget section */

/* Begin PBXProject section */
		C303A6802D5ECFAF008D8DD1 /* Project object */ = {
			isa = PBXProject;
			attributes = {
				BuildIndependentTargetsInParallel = 1;
				LastSwiftUpdateCheck = 1520;
				LastUpgradeCheck = 1520;
				TargetAttributes = {
					C303A6872D5ECFAF008D8DD1 = {
						CreatedOnToolsVersion = 15.2;
					};
					C303A6972D5ECFB2008D8DD1 = {
						CreatedOnToolsVersion = 15.2;
						TestTargetID = C303A6872D5ECFAF008D8DD1;
					};
					C303A6A12D5ECFB2008D8DD1 = {
						CreatedOnToolsVersion = 15.2;
						TestTargetID = C303A6872D5ECFAF008D8DD1;
					};
				};
			};
			buildConfigurationList = C303A6832D5ECFAF008D8DD1 /* Build configuration list for PBXProject "mobile2SwiftUI" */;
			compatibilityVersion = "Xcode 14.0";
			developmentRegion = en;
			hasScannedForEncodings = 0;
			knownRegions = (
				en,
				Base,
			);
			mainGroup = C303A67F2D5ECFAF008D8DD1;
			packageReferences = (
				C34CD5B62D8CF41B00D1B357 /* XCRemoteSwiftPackageReference "lottie-spm" */,
			);
			productRefGroup = C303A6892D5ECFAF008D8DD1 /* Products */;
			projectDirPath = "";
			projectRoot = "";
			targets = (
				C303A6872D5ECFAF008D8DD1 /* mobile2SwiftUI */,
				C303A6972D5ECFB2008D8DD1 /* mobile2SwiftUITests */,
				C303A6A12D5ECFB2008D8DD1 /* mobile2SwiftUIUITests */,
			);
		};
/* End PBXProject section */

/* Begin PBXResourcesBuildPhase section */
		C303A6862D5ECFAF008D8DD1 /* Resources */ = {
			isa = PBXResourcesBuildPhase;
			buildActionMask = 2147483647;
			files = (
				C303A6932D5ECFB2008D8DD1 /* Preview Assets.xcassets in Resources */,
				C34CD5BF2D8CF8A800D1B357 /* animation.json in Resources */,
				C303A6902D5ECFB2008D8DD1 /* Assets.xcassets in Resources */,
			);
			runOnlyForDeploymentPostprocessing = 0;
		};
		C303A6962D5ECFB2008D8DD1 /* Resources */ = {
			isa = PBXResourcesBuildPhase;
			buildActionMask = 2147483647;
			files = (
			);
			runOnlyForDeploymentPostprocessing = 0;
		};
		C303A6A02D5ECFB2008D8DD1 /* Resources */ = {
			isa = PBXResourcesBuildPhase;
			buildActionMask = 2147483647;
			files = (
			);
			runOnlyForDeploymentPostprocessing = 0;
		};
/* End PBXResourcesBuildPhase section */

/* Begin PBXSourcesBuildPhase section */
		C303A6842D5ECFAF008D8DD1 /* Sources */ = {
			isa = PBXSourcesBuildPhase;
			buildActionMask = 2147483647;
			files = (
				C3957F2E2D64196300DFDCD3 /* UIAlertControllerWrapper.swift in Sources */,
				C303A68E2D5ECFAF008D8DD1 /* ContentView.swift in Sources */,
				C33B565B2D7689A700921CDE /* SwiftUIView.swift in Sources */,
				C39F23DA2D96321D0017F0AF /* WaterTrackerViewModel.swift in Sources */,
				C34CD5B12D8BA37200D1B357 /* ItemViewModel.swift in Sources */,
				C35484C32DC05FBE00C2F2D4 /* ClubsViewModel.swift in Sources */,
				C39F23E92D9CC78A0017F0AF /* ShakeView.swift in Sources */,
				C34CD5B52D8BA5C100D1B357 /* DetailListExampleView.swift in Sources */,
				C34CD5AF2D8BA2A300D1B357 /* ItemModel.swift in Sources */,
				C3AE3CF22DEE678C00260BEC /* SpeechApp.swift in Sources */,
				C34CD5B32D8BA59300D1B357 /* ListExampleView.swift in Sources */,
				C39F23ED2D9F696D0017F0AF /* AuthenticationViewModel.swift in Sources */,
				C3B646DD2DCC3C35004C0DB0 /* WebView.swift in Sources */,
				C3957F282D6417FA00DFDCD3 /* SumView.swift in Sources */,
				C3957F2A2D6418D200DFDCD3 /* SumViewModel.swift in Sources */,
				C39F23DC2D96354F0017F0AF /* WaterTrackerMainView.swift in Sources */,
				C35484C12DC05EC700C2F2D4 /* ClubsModel.swift in Sources */,
				C39F23D62D92253C0017F0AF /* ProfileViewModel.swift in Sources */,
				C34CD5BC2D8CF49E00D1B357 /* LottieAnimationView.swift in Sources */,
				C39F23D82D94DEC90017F0AF /* WaterTrackerView.swift in Sources */,
				C39F23E72D9CC77C0017F0AF /* ShakeViewModel.swift in Sources */,
				C303A68C2D5ECFAF008D8DD1 /* mobile2SwiftUIApp.swift in Sources */,
				C3957F302D641C5E00DFDCD3 /* TemperatureView.swift in Sources */,
				C39F23D32D9221D00017F0AF /* ProfileView.swift in Sources */,
				C35484C52DC063EE00C2F2D4 /* ClubsView.swift in Sources */,
				C3E89C7E2D6569930042D0D9 /* TemperatureViewModel.swift in Sources */,
			);
			runOnlyForDeploymentPostprocessing = 0;
		};
		C303A6942D5ECFB2008D8DD1 /* Sources */ = {
			isa = PBXSourcesBuildPhase;
			buildActionMask = 2147483647;
			files = (
				C303A69D2D5ECFB2008D8DD1 /* mobile2SwiftUITests.swift in Sources */,
			);
			runOnlyForDeploymentPostprocessing = 0;
		};
		C303A69E2D5ECFB2008D8DD1 /* Sources */ = {
			isa = PBXSourcesBuildPhase;
			buildActionMask = 2147483647;
			files = (
				C303A6A72D5ECFB2008D8DD1 /* mobile2SwiftUIUITests.swift in Sources */,
				C303A6A92D5ECFB2008D8DD1 /* mobile2SwiftUIUITestsLaunchTests.swift in Sources */,
			);
			runOnlyForDeploymentPostprocessing = 0;
		};
/* End PBXSourcesBuildPhase section */

/* Begin PBXTargetDependency section */
		C303A69A2D5ECFB2008D8DD1 /* PBXTargetDependency */ = {
			isa = PBXTargetDependency;
			target = C303A6872D5ECFAF008D8DD1 /* mobile2SwiftUI */;
			targetProxy = C303A6992D5ECFB2008D8DD1 /* PBXContainerItemProxy */;
		};
		C303A6A42D5ECFB2008D8DD1 /* PBXTargetDependency */ = {
			isa = PBXTargetDependency;
			target = C303A6872D5ECFAF008D8DD1 /* mobile2SwiftUI */;
			targetProxy = C303A6A32D5ECFB2008D8DD1 /* PBXContainerItemProxy */;
		};
/* End PBXTargetDependency section */

/* Begin XCBuildConfiguration section */
		C303A6AA2D5ECFB2008D8DD1 /* Debug */ = {
			isa = XCBuildConfiguration;
			buildSettings = {
				ALWAYS_SEARCH_USER_PATHS = NO;
				ASSETCATALOG_COMPILER_GENERATE_SWIFT_ASSET_SYMBOL_EXTENSIONS = YES;
				CLANG_ANALYZER_NONNULL = YES;
				CLANG_ANALYZER_NUMBER_OBJECT_CONVERSION = YES_AGGRESSIVE;
				CLANG_CXX_LANGUAGE_STANDARD = "gnu++20";
				CLANG_ENABLE_MODULES = YES;
				CLANG_ENABLE_OBJC_ARC = YES;
				CLANG_ENABLE_OBJC_WEAK = YES;
				CLANG_WARN_BLOCK_CAPTURE_AUTORELEASING = YES;
				CLANG_WARN_BOOL_CONVERSION = YES;
				CLANG_WARN_COMMA = YES;
				CLANG_WARN_CONSTANT_CONVERSION = YES;
				CLANG_WARN_DEPRECATED_OBJC_IMPLEMENTATIONS = YES;
				CLANG_WARN_DIRECT_OBJC_ISA_USAGE = YES_ERROR;
				CLANG_WARN_DOCUMENTATION_COMMENTS = YES;
				CLANG_WARN_EMPTY_BODY = YES;
				CLANG_WARN_ENUM_CONVERSION = YES;
				CLANG_WARN_INFINITE_RECURSION = YES;
				CLANG_WARN_INT_CONVERSION = YES;
				CLANG_WARN_NON_LITERAL_NULL_CONVERSION = YES;
				CLANG_WARN_OBJC_IMPLICIT_RETAIN_SELF = YES;
				CLANG_WARN_OBJC_LITERAL_CONVERSION = YES;
				CLANG_WARN_OBJC_ROOT_CLASS = YES_ERROR;
				CLANG_WARN_QUOTED_INCLUDE_IN_FRAMEWORK_HEADER = YES;
				CLANG_WARN_RANGE_LOOP_ANALYSIS = YES;
				CLANG_WARN_STRICT_PROTOTYPES = YES;
				CLANG_WARN_SUSPICIOUS_MOVE = YES;
				CLANG_WARN_UNGUARDED_AVAILABILITY = YES_AGGRESSIVE;
				CLANG_WARN_UNREACHABLE_CODE = YES;
				CLANG_WARN__DUPLICATE_METHOD_MATCH = YES;
				COPY_PHASE_STRIP = NO;
				DEBUG_INFORMATION_FORMAT = dwarf;
				ENABLE_STRICT_OBJC_MSGSEND = YES;
				ENABLE_TESTABILITY = YES;
				ENABLE_USER_SCRIPT_SANDBOXING = YES;
				GCC_C_LANGUAGE_STANDARD = gnu17;
				GCC_DYNAMIC_NO_PIC = NO;
				GCC_NO_COMMON_BLOCKS = YES;
				GCC_OPTIMIZATION_LEVEL = 0;
				GCC_PREPROCESSOR_DEFINITIONS = (
					"DEBUG=1",
					"$(inherited)",
				);
				GCC_WARN_64_TO_32_BIT_CONVERSION = YES;
				GCC_WARN_ABOUT_RETURN_TYPE = YES_ERROR;
				GCC_WARN_UNDECLARED_SELECTOR = YES;
				GCC_WARN_UNINITIALIZED_AUTOS = YES_AGGRESSIVE;
				GCC_WARN_UNUSED_FUNCTION = YES;
				GCC_WARN_UNUSED_VARIABLE = YES;
				IPHONEOS_DEPLOYMENT_TARGET = 17.2;
				LOCALIZATION_PREFERS_STRING_CATALOGS = YES;
				MTL_ENABLE_DEBUG_INFO = INCLUDE_SOURCE;
				MTL_FAST_MATH = YES;
				ONLY_ACTIVE_ARCH = YES;
				SDKROOT = iphoneos;
				SWIFT_ACTIVE_COMPILATION_CONDITIONS = "DEBUG $(inherited)";
				SWIFT_OPTIMIZATION_LEVEL = "-Onone";
			};
			name = Debug;
		};
		C303A6AB2D5ECFB2008D8DD1 /* Release */ = {
			isa = XCBuildConfiguration;
			buildSettings = {
				ALWAYS_SEARCH_USER_PATHS = NO;
				ASSETCATALOG_COMPILER_GENERATE_SWIFT_ASSET_SYMBOL_EXTENSIONS = YES;
				CLANG_ANALYZER_NONNULL = YES;
				CLANG_ANALYZER_NUMBER_OBJECT_CONVERSION = YES_AGGRESSIVE;
				CLANG_CXX_LANGUAGE_STANDARD = "gnu++20";
				CLANG_ENABLE_MODULES = YES;
				CLANG_ENABLE_OBJC_ARC = YES;
				CLANG_ENABLE_OBJC_WEAK = YES;
				CLANG_WARN_BLOCK_CAPTURE_AUTORELEASING = YES;
				CLANG_WARN_BOOL_CONVERSION = YES;
				CLANG_WARN_COMMA = YES;
				CLANG_WARN_CONSTANT_CONVERSION = YES;
				CLANG_WARN_DEPRECATED_OBJC_IMPLEMENTATIONS = YES;
				CLANG_WARN_DIRECT_OBJC_ISA_USAGE = YES_ERROR;
				CLANG_WARN_DOCUMENTATION_COMMENTS = YES;
				CLANG_WARN_EMPTY_BODY = YES;
				CLANG_WARN_ENUM_CONVERSION = YES;
				CLANG_WARN_INFINITE_RECURSION = YES;
				CLANG_WARN_INT_CONVERSION = YES;
				CLANG_WARN_NON_LITERAL_NULL_CONVERSION = YES;
				CLANG_WARN_OBJC_IMPLICIT_RETAIN_SELF = YES;
				CLANG_WARN_OBJC_LITERAL_CONVERSION = YES;
				CLANG_WARN_OBJC_ROOT_CLASS = YES_ERROR;
				CLANG_WARN_QUOTED_INCLUDE_IN_FRAMEWORK_HEADER = YES;
				CLANG_WARN_RANGE_LOOP_ANALYSIS = YES;
				CLANG_WARN_STRICT_PROTOTYPES = YES;
				CLANG_WARN_SUSPICIOUS_MOVE = YES;
				CLANG_WARN_UNGUARDED_AVAILABILITY = YES_AGGRESSIVE;
				CLANG_WARN_UNREACHABLE_CODE = YES;
				CLANG_WARN__DUPLICATE_METHOD_MATCH = YES;
				COPY_PHASE_STRIP = NO;
				DEBUG_INFORMATION_FORMAT = "dwarf-with-dsym";
				ENABLE_NS_ASSERTIONS = NO;
				ENABLE_STRICT_OBJC_MSGSEND = YES;
				ENABLE_USER_SCRIPT_SANDBOXING = YES;
				GCC_C_LANGUAGE_STANDARD = gnu17;
				GCC_NO_COMMON_BLOCKS = YES;
				GCC_WARN_64_TO_32_BIT_CONVERSION = YES;
				GCC_WARN_ABOUT_RETURN_TYPE = YES_ERROR;
				GCC_WARN_UNDECLARED_SELECTOR = YES;
				GCC_WARN_UNINITIALIZED_AUTOS = YES_AGGRESSIVE;
				GCC_WARN_UNUSED_FUNCTION = YES;
				GCC_WARN_UNUSED_VARIABLE = YES;
				IPHONEOS_DEPLOYMENT_TARGET = 17.2;
				LOCALIZATION_PREFERS_STRING_CATALOGS = YES;
				MTL_ENABLE_DEBUG_INFO = NO;
				MTL_FAST_MATH = YES;
				SDKROOT = iphoneos;
				SWIFT_COMPILATION_MODE = wholemodule;
				VALIDATE_PRODUCT = YES;
			};
			name = Release;
		};
		C303A6AD2D5ECFB2008D8DD1 /* Debug */ = {
			isa = XCBuildConfiguration;
			buildSettings = {
				ASSETCATALOG_COMPILER_APPICON_NAME = AppIcon;
				ASSETCATALOG_COMPILER_GLOBAL_ACCENT_COLOR_NAME = AccentColor;
				CODE_SIGN_STYLE = Automatic;
				CURRENT_PROJECT_VERSION = 1;
				DEVELOPMENT_ASSET_PATHS = "\"mobile2SwiftUI/Preview Content\"";
				ENABLE_PREVIEWS = YES;
				GENERATE_INFOPLIST_FILE = YES;
				INFOPLIST_KEY_NSFaceIDUsageDescription = "Vamos a jugar";
				INFOPLIST_KEY_NSMicrophoneUsageDescription = "";
				INFOPLIST_KEY_NSSpeechRecognitionUsageDescription = "";
				INFOPLIST_KEY_UIApplicationSceneManifest_Generation = YES;
				INFOPLIST_KEY_UIApplicationSupportsIndirectInputEvents = YES;
				INFOPLIST_KEY_UILaunchScreen_Generation = YES;
				INFOPLIST_KEY_UISupportedInterfaceOrientations_iPad = "UIInterfaceOrientationPortrait UIInterfaceOrientationPortraitUpsideDown UIInterfaceOrientationLandscapeLeft UIInterfaceOrientationLandscapeRight";
				INFOPLIST_KEY_UISupportedInterfaceOrientations_iPhone = "UIInterfaceOrientationPortrait UIInterfaceOrientationLandscapeLeft UIInterfaceOrientationLandscapeRight";
				LD_RUNPATH_SEARCH_PATHS = (
					"$(inherited)",
					"@executable_path/Frameworks",
				);
				MARKETING_VERSION = 1.0;
				PRODUCT_BUNDLE_IDENTIFIER = com.jasso.mobile2SwiftUI;
				PRODUCT_NAME = "$(TARGET_NAME)";
				SWIFT_EMIT_LOC_STRINGS = YES;
				SWIFT_VERSION = 5.0;
				TARGETED_DEVICE_FAMILY = "1,2";
			};
			name = Debug;
		};
		C303A6AE2D5ECFB2008D8DD1 /* Release */ = {
			isa = XCBuildConfiguration;
			buildSettings = {
				ASSETCATALOG_COMPILER_APPICON_NAME = AppIcon;
				ASSETCATALOG_COMPILER_GLOBAL_ACCENT_COLOR_NAME = AccentColor;
				CODE_SIGN_STYLE = Automatic;
				CURRENT_PROJECT_VERSION = 1;
				DEVELOPMENT_ASSET_PATHS = "\"mobile2SwiftUI/Preview Content\"";
				ENABLE_PREVIEWS = YES;
				GENERATE_INFOPLIST_FILE = YES;
				INFOPLIST_KEY_NSFaceIDUsageDescription = "Vamos a jugar";
				INFOPLIST_KEY_NSMicrophoneUsageDescription = "";
				INFOPLIST_KEY_NSSpeechRecognitionUsageDescription = "";
				INFOPLIST_KEY_UIApplicationSceneManifest_Generation = YES;
				INFOPLIST_KEY_UIApplicationSupportsIndirectInputEvents = YES;
				INFOPLIST_KEY_UILaunchScreen_Generation = YES;
				INFOPLIST_KEY_UISupportedInterfaceOrientations_iPad = "UIInterfaceOrientationPortrait UIInterfaceOrientationPortraitUpsideDown UIInterfaceOrientationLandscapeLeft UIInterfaceOrientationLandscapeRight";
				INFOPLIST_KEY_UISupportedInterfaceOrientations_iPhone = "UIInterfaceOrientationPortrait UIInterfaceOrientationLandscapeLeft UIInterfaceOrientationLandscapeRight";
				LD_RUNPATH_SEARCH_PATHS = (
					"$(inherited)",
					"@executable_path/Frameworks",
				);
				MARKETING_VERSION = 1.0;
				PRODUCT_BUNDLE_IDENTIFIER = com.jasso.mobile2SwiftUI;
				PRODUCT_NAME = "$(TARGET_NAME)";
				SWIFT_EMIT_LOC_STRINGS = YES;
				SWIFT_VERSION = 5.0;
				TARGETED_DEVICE_FAMILY = "1,2";
			};
			name = Release;
		};
		C303A6B02D5ECFB2008D8DD1 /* Debug */ = {
			isa = XCBuildConfiguration;
			buildSettings = {
				ALWAYS_EMBED_SWIFT_STANDARD_LIBRARIES = YES;
				BUNDLE_LOADER = "$(TEST_HOST)";
				CODE_SIGN_STYLE = Automatic;
				CURRENT_PROJECT_VERSION = 1;
				GENERATE_INFOPLIST_FILE = YES;
				IPHONEOS_DEPLOYMENT_TARGET = 17.2;
				MARKETING_VERSION = 1.0;
				PRODUCT_BUNDLE_IDENTIFIER = com.jasso.mobile2SwiftUITests;
				PRODUCT_NAME = "$(TARGET_NAME)";
				SWIFT_EMIT_LOC_STRINGS = NO;
				SWIFT_VERSION = 5.0;
				TARGETED_DEVICE_FAMILY = "1,2";
				TEST_HOST = "$(BUILT_PRODUCTS_DIR)/mobile2SwiftUI.app/$(BUNDLE_EXECUTABLE_FOLDER_PATH)/mobile2SwiftUI";
			};
			name = Debug;
		};
		C303A6B12D5ECFB2008D8DD1 /* Release */ = {
			isa = XCBuildConfiguration;
			buildSettings = {
				ALWAYS_EMBED_SWIFT_STANDARD_LIBRARIES = YES;
				BUNDLE_LOADER = "$(TEST_HOST)";
				CODE_SIGN_STYLE = Automatic;
				CURRENT_PROJECT_VERSION = 1;
				GENERATE_INFOPLIST_FILE = YES;
				IPHONEOS_DEPLOYMENT_TARGET = 17.2;
				MARKETING_VERSION = 1.0;
				PRODUCT_BUNDLE_IDENTIFIER = com.jasso.mobile2SwiftUITests;
				PRODUCT_NAME = "$(TARGET_NAME)";
				SWIFT_EMIT_LOC_STRINGS = NO;
				SWIFT_VERSION = 5.0;
				TARGETED_DEVICE_FAMILY = "1,2";
				TEST_HOST = "$(BUILT_PRODUCTS_DIR)/mobile2SwiftUI.app/$(BUNDLE_EXECUTABLE_FOLDER_PATH)/mobile2SwiftUI";
			};
			name = Release;
		};
		C303A6B32D5ECFB2008D8DD1 /* Debug */ = {
			isa = XCBuildConfiguration;
			buildSettings = {
				ALWAYS_EMBED_SWIFT_STANDARD_LIBRARIES = YES;
				CODE_SIGN_STYLE = Automatic;
				CURRENT_PROJECT_VERSION = 1;
				GENERATE_INFOPLIST_FILE = YES;
				MARKETING_VERSION = 1.0;
				PRODUCT_BUNDLE_IDENTIFIER = com.jasso.mobile2SwiftUIUITests;
				PRODUCT_NAME = "$(TARGET_NAME)";
				SWIFT_EMIT_LOC_STRINGS = NO;
				SWIFT_VERSION = 5.0;
				TARGETED_DEVICE_FAMILY = "1,2";
				TEST_TARGET_NAME = mobile2SwiftUI;
			};
			name = Debug;
		};
		C303A6B42D5ECFB2008D8DD1 /* Release */ = {
			isa = XCBuildConfiguration;
			buildSettings = {
				ALWAYS_EMBED_SWIFT_STANDARD_LIBRARIES = YES;
				CODE_SIGN_STYLE = Automatic;
				CURRENT_PROJECT_VERSION = 1;
				GENERATE_INFOPLIST_FILE = YES;
				MARKETING_VERSION = 1.0;
				PRODUCT_BUNDLE_IDENTIFIER = com.jasso.mobile2SwiftUIUITests;
				PRODUCT_NAME = "$(TARGET_NAME)";
				SWIFT_EMIT_LOC_STRINGS = NO;
				SWIFT_VERSION = 5.0;
				TARGETED_DEVICE_FAMILY = "1,2";
				TEST_TARGET_NAME = mobile2SwiftUI;
			};
			name = Release;
		};
/* End XCBuildConfiguration section */

/* Begin XCConfigurationList section */
		C303A6832D5ECFAF008D8DD1 /* Build configuration list for PBXProject "mobile2SwiftUI" */ = {
			isa = XCConfigurationList;
			buildConfigurations = (
				C303A6AA2D5ECFB2008D8DD1 /* Debug */,
				C303A6AB2D5ECFB2008D8DD1 /* Release */,
			);
			defaultConfigurationIsVisible = 0;
			defaultConfigurationName = Release;
		};
		C303A6AC2D5ECFB2008D8DD1 /* Build configuration list for PBXNativeTarget "mobile2SwiftUI" */ = {
			isa = XCConfigurationList;
			buildConfigurations = (
				C303A6AD2D5ECFB2008D8DD1 /* Debug */,
				C303A6AE2D5ECFB2008D8DD1 /* Release */,
			);
			defaultConfigurationIsVisible = 0;
			defaultConfigurationName = Release;
		};
		C303A6AF2D5ECFB2008D8DD1 /* Build configuration list for PBXNativeTarget "mobile2SwiftUITests" */ = {
			isa = XCConfigurationList;
			buildConfigurations = (
				C303A6B02D5ECFB2008D8DD1 /* Debug */,
				C303A6B12D5ECFB2008D8DD1 /* Release */,
			);
			defaultConfigurationIsVisible = 0;
			defaultConfigurationName = Release;
		};
		C303A6B22D5ECFB2008D8DD1 /* Build configuration list for PBXNativeTarget "mobile2SwiftUIUITests" */ = {
			isa = XCConfigurationList;
			buildConfigurations = (
				C303A6B32D5ECFB2008D8DD1 /* Debug */,
				C303A6B42D5ECFB2008D8DD1 /* Release */,
			);
			defaultConfigurationIsVisible = 0;
			defaultConfigurationName = Release;
		};
/* End XCConfigurationList section */

/* Begin XCRemoteSwiftPackageReference section */
		C34CD5B62D8CF41B00D1B357 /* XCRemoteSwiftPackageReference "lottie-spm" */ = {
			isa = XCRemoteSwiftPackageReference;
			repositoryURL = "https://github.com/airbnb/lottie-spm.git";
			requirement = {
				kind = upToNextMajorVersion;
				minimumVersion = 4.5.1;
			};
		};
/* End XCRemoteSwiftPackageReference section */

/* Begin XCSwiftPackageProductDependency section */
		C34CD5B72D8CF41C00D1B357 /* Lottie */ = {
			isa = XCSwiftPackageProductDependency;
			package = C34CD5B62D8CF41B00D1B357 /* XCRemoteSwiftPackageReference "lottie-spm" */;
			productName = Lottie;
		};
/* End XCSwiftPackageProductDependency section */
	};
	rootObject = C303A6802D5ECFAF008D8DD1 /* Project object */;
}
